<?xml version="1.0" encoding="utf-8"?>
<Project ToolsVersion="4.0" xmlns="http://schemas.microsoft.com/developer/msbuild/2003">
  <ItemGroup>
    <Filter Include="Jade">
      <UniqueIdentifier>{794D877C-6584-880D-0E71-6E10FA86040F}</UniqueIdentifier>
    </Filter>
  </ItemGroup>
  <ItemGroup>
    <ClInclude Include="src\Jade.h" />
    <ClInclude Include="src\Jade\Application.h">
      <Filter>Jade</Filter>
    </ClInclude>
    <ClInclude Include="src\Jade\Core.h">
      <Filter>Jade</Filter>
    </ClInclude>
    <ClInclude Include="src\Jade\EntryPoint.h">
      <Filter>Jade</Filter>
    </ClInclude>
    <ClInclude Include="src\Jade\Log.h">
      <Filter>Jade</Filter>
    </ClInclude>
  </ItemGroup>
  <ItemGroup>
    <ClCompile Include="src\Jade\Application.cpp">
      <Filter>Jade</Filter>
    </ClCompile>
    <ClCompile Include="src\Jade\Log.cpp">
      <Filter>Jade</Filter>
    </ClCompile>
  </ItemGroup>
</Project>