<?xml version="1.0" encoding="utf-8"?>
<Project ToolsVersion="4.0" xmlns="http://schemas.microsoft.com/developer/msbuild/2003">
  <ItemGroup>
    <Filter Include="Jade">
      <UniqueIdentifier>{794D877C-6584-880D-0E71-6E10FA86040F}</UniqueIdentifier>
    </Filter>
    <Filter Include="Jade\Core">
      <UniqueIdentifier>{71C5D823-DD2F-8D9A-266E-3E4092176BEF}</UniqueIdentifier>
    </Filter>
    <Filter Include="Jade\Events">
      <UniqueIdentifier>{3DF74182-A9AC-BA77-32A1-B44E9E55B17B}</UniqueIdentifier>
    </Filter>
    <Filter Include="Platform">
      <UniqueIdentifier>{2AC788B4-1694-E3BF-3FAD-D1672BD9184E}</UniqueIdentifier>
    </Filter>
    <Filter Include="Platform\Windows">
      <UniqueIdentifier>{64FBD71A-50F4-F66C-7926-DCF1657ED678}</UniqueIdentifier>
    </Filter>
  </ItemGroup>
  <ItemGroup>
    <ClInclude Include="src\Jade.h" />
    <ClInclude Include="src\Jade\Core\Application.h">
      <Filter>Jade\Core</Filter>
    </ClInclude>
    <ClInclude Include="src\Jade\Core\Core.h">
      <Filter>Jade\Core</Filter>
    </ClInclude>
    <ClInclude Include="src\Jade\Core\EntryPoint.h">
      <Filter>Jade\Core</Filter>
    </ClInclude>
    <ClInclude Include="src\Jade\Core\KeyCodes.h">
      <Filter>Jade\Core</Filter>
    </ClInclude>
    <ClInclude Include="src\Jade\Core\Log.h">
      <Filter>Jade\Core</Filter>
    </ClInclude>
    <ClInclude Include="src\Jade\Core\MouseCodes.h">
      <Filter>Jade\Core</Filter>
    </ClInclude>
    <ClInclude Include="src\Jade\Core\Window.h">
      <Filter>Jade\Core</Filter>
    </ClInclude>
    <ClInclude Include="src\Jade\Events\ApplicationEvent.h">
      <Filter>Jade\Events</Filter>
    </ClInclude>
    <ClInclude Include="src\Jade\Events\Event.h">
      <Filter>Jade\Events</Filter>
    </ClInclude>
    <ClInclude Include="src\Jade\Events\KeyEvent.h">
      <Filter>Jade\Events</Filter>
    </ClInclude>
    <ClInclude Include="src\Jade\Events\MouseEvent.h">
      <Filter>Jade\Events</Filter>
    </ClInclude>
    <ClInclude Include="src\Platform\Windows\WindowsWindow.h">
      <Filter>Platform\Windows</Filter>
    </ClInclude>
    <ClInclude Include="src\jdpch.h" />
  </ItemGroup>
  <ItemGroup>
    <ClCompile Include="src\Jade\Core\Application.cpp">
      <Filter>Jade\Core</Filter>
    </ClCompile>
    <ClCompile Include="src\Jade\Core\Log.cpp">
      <Filter>Jade\Core</Filter>
    </ClCompile>
    <ClCompile Include="src\Platform\Windows\WindowsWindow.cpp">
      <Filter>Platform\Windows</Filter>
    </ClCompile>
    <ClCompile Include="src\jdpch.cpp" />
  </ItemGroup>
</Project>